
Microsoft Visual Studio Solution File, Format Version 12.00
# Visual Studio Version 17
VisualStudioVersion = 17.9.34728.123
MinimumVisualStudioVersion = 10.0.40219.1
Project("{888888A0-9F3D-457C-B088-3A5042F75D52}") = "DjangoWebProject4", "DjangoWebProject4.pyproj", "{A2213574-1C7E-4EFC-8338-EB54492228D2}"
EndProject
Global
	GlobalSection(SolutionConfigurationPlatforms) = preSolution
		Debug|Any CPU = Debug|Any CPU
		Release|Any CPU = Release|Any CPU
	EndGlobalSection
	GlobalSection(ProjectConfigurationPlatforms) = postSolution
		{A2213574-1C7E-4EFC-8338-EB54492228D2}.Debug|Any CPU.ActiveCfg = Debug|Any CPU
		{A2213574-1C7E-4EFC-8338-EB54492228D2}.Debug|Any CPU.Build.0 = Debug|Any CPU
		{A2213574-1C7E-4EFC-8338-EB54492228D2}.Release|Any CPU.ActiveCfg = Release|Any CPU
		{A2213574-1C7E-4EFC-8338-EB54492228D2}.Release|Any CPU.Build.0 = Release|Any CPU
	EndGlobalSection
	GlobalSection(SolutionProperties) = preSolution
		HideSolutionNode = FALSE
	EndGlobalSection
	GlobalSection(ExtensibilityGlobals) = postSolution
		SolutionGuid = {A07D401A-6151-4218-9BB8-6D68950B4CCF}
	EndGlobalSection
EndGlobal
