
Microsoft Visual Studio Solution File, Format Version 12.00
# Visual Studio Version 17
VisualStudioVersion = 17.9.34728.123
MinimumVisualStudioVersion = 10.0.40219.1
Project("{888888A0-9F3D-457C-B088-3A5042F75D52}") = "DjangoWebProject2", "DjangoWebProject2.pyproj", "{18D2B58B-9891-4E7E-BC49-12E252BB91A4}"
EndProject
Global
	GlobalSection(SolutionConfigurationPlatforms) = preSolution
		Debug|Any CPU = Debug|Any CPU
		Release|Any CPU = Release|Any CPU
	EndGlobalSection
	GlobalSection(ProjectConfigurationPlatforms) = postSolution
		{18D2B58B-9891-4E7E-BC49-12E252BB91A4}.Debug|Any CPU.ActiveCfg = Debug|Any CPU
		{18D2B58B-9891-4E7E-BC49-12E252BB91A4}.Debug|Any CPU.Build.0 = Debug|Any CPU
		{18D2B58B-9891-4E7E-BC49-12E252BB91A4}.Release|Any CPU.ActiveCfg = Release|Any CPU
		{18D2B58B-9891-4E7E-BC49-12E252BB91A4}.Release|Any CPU.Build.0 = Release|Any CPU
	EndGlobalSection
	GlobalSection(SolutionProperties) = preSolution
		HideSolutionNode = FALSE
	EndGlobalSection
	GlobalSection(ExtensibilityGlobals) = postSolution
		SolutionGuid = {426BCA63-EEC1-486B-830B-F09195A4BADD}
	EndGlobalSection
EndGlobal
