
Microsoft Visual Studio Solution File, Format Version 12.00
# Visual Studio Version 17
VisualStudioVersion = 17.9.34728.123
MinimumVisualStudioVersion = 10.0.40219.1
Project("{888888A0-9F3D-457C-B088-3A5042F75D52}") = "DjangoWebProject5", "DjangoWebProject5.pyproj", "{EDA36C79-ACCC-45B9-B0EA-1DF37BB26F07}"
EndProject
Global
	GlobalSection(SolutionConfigurationPlatforms) = preSolution
		Debug|Any CPU = Debug|Any CPU
		Release|Any CPU = Release|Any CPU
	EndGlobalSection
	GlobalSection(ProjectConfigurationPlatforms) = postSolution
		{EDA36C79-ACCC-45B9-B0EA-1DF37BB26F07}.Debug|Any CPU.ActiveCfg = Debug|Any CPU
		{EDA36C79-ACCC-45B9-B0EA-1DF37BB26F07}.Debug|Any CPU.Build.0 = Debug|Any CPU
		{EDA36C79-ACCC-45B9-B0EA-1DF37BB26F07}.Release|Any CPU.ActiveCfg = Release|Any CPU
		{EDA36C79-ACCC-45B9-B0EA-1DF37BB26F07}.Release|Any CPU.Build.0 = Release|Any CPU
	EndGlobalSection
	GlobalSection(SolutionProperties) = preSolution
		HideSolutionNode = FALSE
	EndGlobalSection
	GlobalSection(ExtensibilityGlobals) = postSolution
		SolutionGuid = {C5276318-DF4A-4F06-8E7F-5301DA48BC5D}
	EndGlobalSection
EndGlobal
