
Microsoft Visual Studio Solution File, Format Version 12.00
# Visual Studio Version 17
VisualStudioVersion = 17.9.34728.123
MinimumVisualStudioVersion = 10.0.40219.1
Project("{888888A0-9F3D-457C-B088-3A5042F75D52}") = "DjangoWebProject3", "DjangoWebProject3.pyproj", "{7D0037C4-FE5D-4887-8592-F05FC45CCA2D}"
EndProject
Global
	GlobalSection(SolutionConfigurationPlatforms) = preSolution
		Debug|Any CPU = Debug|Any CPU
		Release|Any CPU = Release|Any CPU
	EndGlobalSection
	GlobalSection(ProjectConfigurationPlatforms) = postSolution
		{7D0037C4-FE5D-4887-8592-F05FC45CCA2D}.Debug|Any CPU.ActiveCfg = Debug|Any CPU
		{7D0037C4-FE5D-4887-8592-F05FC45CCA2D}.Debug|Any CPU.Build.0 = Debug|Any CPU
		{7D0037C4-FE5D-4887-8592-F05FC45CCA2D}.Release|Any CPU.ActiveCfg = Release|Any CPU
		{7D0037C4-FE5D-4887-8592-F05FC45CCA2D}.Release|Any CPU.Build.0 = Release|Any CPU
	EndGlobalSection
	GlobalSection(SolutionProperties) = preSolution
		HideSolutionNode = FALSE
	EndGlobalSection
	GlobalSection(ExtensibilityGlobals) = postSolution
		SolutionGuid = {CDBDF945-7B7B-4410-B317-19FF8C04F24E}
	EndGlobalSection
EndGlobal
